
Microsoft Visual Studio Solution File, Format Version 12.00
# Visual Studio Version 16
VisualStudioVersion = 16.0.29519.181
MinimumVisualStudioVersion = 10.0.40219.1
Project("{FAE04EC0-301F-11D3-BF4B-00C04F79EFBC}") = "Useful.Sqlite.Extensions", "Useful.Sqlite.Extensions\Useful.Sqlite.Extensions.csproj", "{EF9C050A-1294-4B1C-A77E-1892806708FE}"
EndProject
Project("{FAE04EC0-301F-11D3-BF4B-00C04F79EFBC}") = "Useful.Sqlite.Extensions.Tests", "Useful.Sqlite.Extensions.Tests\Useful.Sqlite.Extensions.Tests.csproj", "{93C8E2C7-5041-44FB-A17E-377CC65AB780}"
EndProject
Global
	GlobalSection(SolutionConfigurationPlatforms) = preSolution
		Debug|Any CPU = Debug|Any CPU
		Release|Any CPU = Release|Any CPU
	EndGlobalSection
	GlobalSection(ProjectConfigurationPlatforms) = postSolution
		{EF9C050A-1294-4B1C-A77E-1892806708FE}.Debug|Any CPU.ActiveCfg = Debug|Any CPU
		{EF9C050A-1294-4B1C-A77E-1892806708FE}.Debug|Any CPU.Build.0 = Debug|Any CPU
		{EF9C050A-1294-4B1C-A77E-1892806708FE}.Release|Any CPU.ActiveCfg = Release|Any CPU
		{EF9C050A-1294-4B1C-A77E-1892806708FE}.Release|Any CPU.Build.0 = Release|Any CPU
		{93C8E2C7-5041-44FB-A17E-377CC65AB780}.Debug|Any CPU.ActiveCfg = Debug|Any CPU
		{93C8E2C7-5041-44FB-A17E-377CC65AB780}.Debug|Any CPU.Build.0 = Debug|Any CPU
		{93C8E2C7-5041-44FB-A17E-377CC65AB780}.Release|Any CPU.ActiveCfg = Release|Any CPU
		{93C8E2C7-5041-44FB-A17E-377CC65AB780}.Release|Any CPU.Build.0 = Release|Any CPU
	EndGlobalSection
	GlobalSection(SolutionProperties) = preSolution
		HideSolutionNode = FALSE
	EndGlobalSection
	GlobalSection(ExtensibilityGlobals) = postSolution
		SolutionGuid = {5BD95541-02A6-48B6-8995-F22C3CB4979F}
	EndGlobalSection
EndGlobal
